
Microsoft Visual Studio Solution File, Format Version 12.00
# Visual Studio 15
VisualStudioVersion = 15.0.28307.136
MinimumVisualStudioVersion = 10.0.40219.1
Project("{FAE04EC0-301F-11D3-BF4B-00C04F79EFBC}") = "Nortwind2db", "Nortwind2db\Nortwind2db.csproj", "{CC98D1FD-28B6-457C-AE9D-5F55D18F2F4D}"
EndProject
Global
	GlobalSection(SolutionConfigurationPlatforms) = preSolution
		Debug|Any CPU = Debug|Any CPU
		Release|Any CPU = Release|Any CPU
	EndGlobalSection
	GlobalSection(ProjectConfigurationPlatforms) = postSolution
		{CC98D1FD-28B6-457C-AE9D-5F55D18F2F4D}.Debug|Any CPU.ActiveCfg = Debug|Any CPU
		{CC98D1FD-28B6-457C-AE9D-5F55D18F2F4D}.Debug|Any CPU.Build.0 = Debug|Any CPU
		{CC98D1FD-28B6-457C-AE9D-5F55D18F2F4D}.Release|Any CPU.ActiveCfg = Release|Any CPU
		{CC98D1FD-28B6-457C-AE9D-5F55D18F2F4D}.Release|Any CPU.Build.0 = Release|Any CPU
	EndGlobalSection
	GlobalSection(SolutionProperties) = preSolution
		HideSolutionNode = FALSE
	EndGlobalSection
	GlobalSection(ExtensibilityGlobals) = postSolution
		SolutionGuid = {3D3259A9-A220-4E73-A1A5-302F734F36F6}
	EndGlobalSection
EndGlobal
